{
    "_readme": [
        "This file locks the dependencies of your project to a known state",
        "Read more about it at https://getcomposer.org/doc/01-basic-usage.md#installing-dependencies",
        "This file is @generated automatically"
    ],
    "content-hash": "fbbabfdcbf7d0ea26731eae30e3e9d42",
    "packages": [
        {
            "name": "devscreencast/json-response",
            "version": "1.1.1",
            "source": {
                "type": "git",
                "url": "https://github.com/terdia/json-response.git",
                "reference": "614cf504fc71fed4ebef86981d7c9d564c18954c"
            },
            "dist": {
                "type": "zip",
                "url": "https://api.github.com/repos/terdia/json-response/zipball/614cf504fc71fed4ebef86981d7c9d564c18954c",
                "reference": "614cf504fc71fed4ebef86981d7c9d564c18954c",
                "shasum": ""
            },
            "require": {
                "php": ">=5.3.0"
            },
            "type": "library",
            "autoload": {
                "psr-4": {
                    "Devscreencast\\ResponseClass\\": "src/"
                }
            },
            "notification-url": "https://packagist.org/downloads/",
            "license": [
                "MIT"
            ],
            "authors": [
                {
                    "name": "terdia",
                    "email": "support@devscreencast.com",
                    "homepage": "https://devscreencast.com"
                }
            ],
            "description": "A simple class that returns a properly formatted json response with HTTP status",
            "keywords": [
                "API Response Class",
                "json",
                "php",
                "response"
            ],
            "time": "2017-04-22T06:40:31+00:00"
        },
        {
            "name": "gridonic/json-response",
            "version": "1.1.1",
            "source": {
                "type": "git",
                "url": "https://github.com/gridonic/JsonResponse.git",
                "reference": "4613c5576ec21b411e1676d4514e9da1476d6577"
            },
            "dist": {
                "type": "zip",
                "url": "https://api.github.com/repos/gridonic/JsonResponse/zipball/4613c5576ec21b411e1676d4514e9da1476d6577",
                "reference": "4613c5576ec21b411e1676d4514e9da1476d6577",
                "shasum": ""
            },
            "require": {
                "php": ">=5.3.3",
                "symfony/http-foundation": "~2"
            },
            "require-dev": {
                "phpunit/phpunit": "4.4.*"
            },
            "type": "library",
            "autoload": {
                "psr-0": {
                    "Gridonic\\": "src"
                }
            },
            "notification-url": "https://packagist.org/downloads/",
            "license": [
                "MIT"
            ],
            "authors": [
                {
                    "name": "gridonic GmbH",
                    "homepage": "http://gridonic.ch"
                }
            ],
            "description": "Structures JSON responses for the JSend format",
            "homepage": "http://gridonic.ch",
            "keywords": [
                "http",
                "json",
                "symfony"
            ],
            "time": "2015-02-20T13:57:49+00:00"
        },
        {
            "name": "symfony/http-foundation",
            "version": "v2.8.52",
            "source": {
                "type": "git",
                "url": "https://github.com/symfony/http-foundation.git",
                "reference": "3929d9fe8148d17819ad0178c748b8d339420709"
            },
            "dist": {
                "type": "zip",
                "url": "https://api.github.com/repos/symfony/http-foundation/zipball/3929d9fe8148d17819ad0178c748b8d339420709",
                "reference": "3929d9fe8148d17819ad0178c748b8d339420709",
                "shasum": ""
            },
            "require": {
                "php": ">=5.3.9",
                "symfony/polyfill-mbstring": "~1.1",
                "symfony/polyfill-php54": "~1.0",
                "symfony/polyfill-php55": "~1.0"
            },
            "require-dev": {
                "symfony/expression-language": "~2.4|~3.0.0"
            },
            "type": "library",
            "extra": {
                "branch-alias": {
                    "dev-master": "2.8-dev"
                }
            },
            "autoload": {
                "psr-4": {
                    "Symfony\\Component\\HttpFoundation\\": ""
                },
                "exclude-from-classmap": [
                    "/Tests/"
                ]
            },
            "notification-url": "https://packagist.org/downloads/",
            "license": [
                "MIT"
            ],
            "authors": [
                {
                    "name": "Fabien Potencier",
                    "email": "fabien@symfony.com"
                },
                {
                    "name": "Symfony Community",
                    "homepage": "https://symfony.com/contributors"
                }
            ],
            "description": "Symfony HttpFoundation Component",
            "homepage": "https://symfony.com",
            "time": "2019-11-12T12:34:41+00:00"
        },
        {
            "name": "symfony/polyfill-mbstring",
            "version": "v1.22.0",
            "source": {
                "type": "git",
                "url": "https://github.com/symfony/polyfill-mbstring.git",
                "reference": "f377a3dd1fde44d37b9831d68dc8dea3ffd28e13"
            },
            "dist": {
                "type": "zip",
                "url": "https://api.github.com/repos/symfony/polyfill-mbstring/zipball/f377a3dd1fde44d37b9831d68dc8dea3ffd28e13",
                "reference": "f377a3dd1fde44d37b9831d68dc8dea3ffd28e13",
                "shasum": ""
            },
            "require": {
                "php": ">=7.1"
            },
            "suggest": {
                "ext-mbstring": "For best performance"
            },
            "type": "library",
            "extra": {
                "branch-alias": {
                    "dev-main": "1.22-dev"
                },
                "thanks": {
                    "name": "symfony/polyfill",
                    "url": "https://github.com/symfony/polyfill"
                }
            },
            "autoload": {
                "psr-4": {
                    "Symfony\\Polyfill\\Mbstring\\": ""
                },
                "files": [
                    "bootstrap.php"
                ]
            },
            "notification-url": "https://packagist.org/downloads/",
            "license": [
                "MIT"
            ],
            "authors": [
                {
                    "name": "Nicolas Grekas",
                    "email": "p@tchwork.com"
                },
                {
                    "name": "Symfony Community",
                    "homepage": "https://symfony.com/contributors"
                }
            ],
            "description": "Symfony polyfill for the Mbstring extension",
            "homepage": "https://symfony.com",
            "keywords": [
                "compatibility",
                "mbstring",
                "polyfill",
                "portable",
                "shim"
            ],
            "funding": [
                {
                    "url": "https://symfony.com/sponsor",
                    "type": "custom"
                },
                {
                    "url": "https://github.com/fabpot",
                    "type": "github"
                },
                {
                    "url": "https://tidelift.com/funding/github/packagist/symfony/symfony",
                    "type": "tidelift"
                }
            ],
            "time": "2021-01-07T16:49:33+00:00"
        },
        {
            "name": "symfony/polyfill-php54",
            "version": "v1.20.0",
            "source": {
                "type": "git",
                "url": "https://github.com/symfony/polyfill-php54.git",
                "reference": "37285b1d5d13f37c8bee546d8d2ad0353460c4c7"
            },
            "dist": {
                "type": "zip",
                "url": "https://api.github.com/repos/symfony/polyfill-php54/zipball/37285b1d5d13f37c8bee546d8d2ad0353460c4c7",
                "reference": "37285b1d5d13f37c8bee546d8d2ad0353460c4c7",
                "shasum": ""
            },
            "require": {
                "php": ">=7.1"
            },
            "type": "metapackage",
            "extra": {
                "branch-alias": {
                    "dev-main": "1.20-dev"
                },
                "thanks": {
                    "name": "symfony/polyfill",
                    "url": "https://github.com/symfony/polyfill"
                }
            },
            "notification-url": "https://packagist.org/downloads/",
            "license": [
                "MIT"
            ],
            "authors": [
                {
                    "name": "Nicolas Grekas",
                    "email": "p@tchwork.com"
                },
                {
                    "name": "Symfony Community",
                    "homepage": "https://symfony.com/contributors"
                }
            ],
            "description": "Symfony polyfill backporting some PHP 5.4+ features to lower PHP versions",
            "homepage": "https://symfony.com",
            "keywords": [
                "compatibility",
                "polyfill",
                "portable",
                "shim"
            ],
            "funding": [
                {
                    "url": "https://symfony.com/sponsor",
                    "type": "custom"
                },
                {
                    "url": "https://github.com/fabpot",
                    "type": "github"
                },
                {
                    "url": "https://tidelift.com/funding/github/packagist/symfony/symfony",
                    "type": "tidelift"
                }
            ],
            "time": "2020-10-23T14:02:19+00:00"
        },
        {
            "name": "symfony/polyfill-php55",
            "version": "v1.20.0",
            "source": {
                "type": "git",
                "url": "https://github.com/symfony/polyfill-php55.git",
                "reference": "c17452124a883900e1d73961f9075a638399c1a0"
            },
            "dist": {
                "type": "zip",
                "url": "https://api.github.com/repos/symfony/polyfill-php55/zipball/c17452124a883900e1d73961f9075a638399c1a0",
                "reference": "c17452124a883900e1d73961f9075a638399c1a0",
                "shasum": ""
            },
            "require": {
                "php": ">=7.1"
            },
            "type": "metapackage",
            "extra": {
                "branch-alias": {
                    "dev-main": "1.20-dev"
                },
                "thanks": {
                    "name": "symfony/polyfill",
                    "url": "https://github.com/symfony/polyfill"
                }
            },
            "notification-url": "https://packagist.org/downloads/",
            "license": [
                "MIT"
            ],
            "authors": [
                {
                    "name": "Nicolas Grekas",
                    "email": "p@tchwork.com"
                },
                {
                    "name": "Symfony Community",
                    "homepage": "https://symfony.com/contributors"
                }
            ],
            "description": "Symfony polyfill backporting some PHP 5.5+ features to lower PHP versions",
            "homepage": "https://symfony.com",
            "keywords": [
                "compatibility",
                "polyfill",
                "portable",
                "shim"
            ],
            "funding": [
                {
                    "url": "https://symfony.com/sponsor",
                    "type": "custom"
                },
                {
                    "url": "https://github.com/fabpot",
                    "type": "github"
                },
                {
                    "url": "https://tidelift.com/funding/github/packagist/symfony/symfony",
                    "type": "tidelift"
                }
            ],
            "time": "2020-10-23T14:02:19+00:00"
        }
    ],
    "packages-dev": [],
    "aliases": [],
    "minimum-stability": "stable",
    "stability-flags": [],
    "prefer-stable": false,
    "prefer-lowest": false,
    "platform": [],
    "platform-dev": [],
    "plugin-api-version": "1.1.0"
}
